github.com/gorilla/mux v1.8.0 h1:i40aqfkR1h2SlN9hojwV5ZA91wcXFOvkdNIeFDP5koI=
github.com/gorilla/mux v1.8.0/go.mod h1:DVbg23sWSpFRCP0SfiEN6jmj59UnW/n46BH5rLB71So=
github.com/zinclabs/zinc v0.3.5 h1:HHlMyftw7f+H3hqH5H239yf4DS1Itbn833mN58E1U9g=
github.com/zinclabs/zinc v0.3.5/go.mod h1:dMa5ZDkEz+hmk9aqOcucUciyBaALkZUVRaqz0wYAtvk=
